PODS:
  - JGProgressHUD (2.0.3)
  - PLPlayerKit (3.4.1):
    - PLPlayerKit/universal (= 3.4.1)
  - PLPlayerKit/universal (3.4.1)
  - SnapKit (4.2.0)

DEPENDENCIES:
  - JGProgressHUD
  - PLPlayerKit (from `https://raw.githubusercontent.com/pili-engineering/PLPlayerKit/master/PLPlayerKit-Universal.podspec`)
  - SnapKit

SPEC REPOS:
  https://github.com/cocoapods/specs.git:
    - JGProgressHUD
    - SnapKit

EXTERNAL SOURCES:
  PLPlayerKit:
    :podspec: https://raw.githubusercontent.com/pili-engineering/PLPlayerKit/master/PLPlayerKit-Universal.podspec

SPEC CHECKSUMS:
  JGProgressHUD: 12b20a8f4ffe05258f8635c1ab92816e451f904d
  PLPlayerKit: 8dbda4525878842315e0ae6329dcefa7b5d8cc7e
  SnapKit: fe8a619752f3f27075cc9a90244d75c6c3f27e2a

PODFILE CHECKSUM: a9afd81e76a5d0855727b4461937fc5235b2ac76

COCOAPODS: 1.7.5
